
Microsoft Visual Studio Solution File, Format Version 12.00
# Visual Studio Version 17
VisualStudioVersion = 17.0.31903.59
MinimumVisualStudioVersion = 10.0.40219.1
Project("{2150E333-8FDC-42A3-9474-1A3956D46DE8}") = "src", "src", "{9ABB1355-2193-4F48-BEAD-65340A8483C2}"
EndProject
Project("{FAE04EC0-301F-11D3-BF4B-00C04F79EFBC}") = "NetCoreBlazorServerRadzenDemo.Web", "src\Web\NetCoreBlazorServerRadzenDemo.Web.csproj", "{89CB7CBE-DBEF-4761-9F61-29F0A34BFE62}"
EndProject
Global
	GlobalSection(SolutionConfigurationPlatforms) = preSolution
		Debug|Any CPU = Debug|Any CPU
		Release|Any CPU = Release|Any CPU
	EndGlobalSection
	GlobalSection(SolutionProperties) = preSolution
		HideSolutionNode = FALSE
	EndGlobalSection
	GlobalSection(ProjectConfigurationPlatforms) = postSolution
		{89CB7CBE-DBEF-4761-9F61-29F0A34BFE62}.Debug|Any CPU.ActiveCfg = Debug|Any CPU
		{89CB7CBE-DBEF-4761-9F61-29F0A34BFE62}.Debug|Any CPU.Build.0 = Debug|Any CPU
		{89CB7CBE-DBEF-4761-9F61-29F0A34BFE62}.Release|Any CPU.ActiveCfg = Release|Any CPU
		{89CB7CBE-DBEF-4761-9F61-29F0A34BFE62}.Release|Any CPU.Build.0 = Release|Any CPU
	EndGlobalSection
	GlobalSection(NestedProjects) = preSolution
		{89CB7CBE-DBEF-4761-9F61-29F0A34BFE62} = {9ABB1355-2193-4F48-BEAD-65340A8483C2}
	EndGlobalSection
EndGlobal
